Microsoft Visual Studio Solution File, Format Version 12.00
# Visual Studio Version 17
VisualStudioVersion = 17.5.2.0
MinimumVisualStudioVersion = 10.0.40219.1
Project("{FAE04EC0-301F-11D3-BF4B-00C04F79EFBC}") = "QuestMaster-Backend", "QuestMaster-Backend\QuestMaster-Backend.csproj", "{9460E863-09DF-27A3-AD06-49685DEF530E}"
EndProject
Global
	GlobalSection(SolutionConfigurationPlatforms) = preSolution
		Debug|Any CPU = Debug|Any CPU
		Release|Any CPU = Release|Any CPU
	EndGlobalSection
	GlobalSection(ProjectConfigurationPlatforms) = postSolution
		{9460E863-09DF-27A3-AD06-49685DEF530E}.Debug|Any CPU.ActiveCfg = Debug|Any CPU
		{9460E863-09DF-27A3-AD06-49685DEF530E}.Debug|Any CPU.Build.0 = Debug|Any CPU
		{9460E863-09DF-27A3-AD06-49685DEF530E}.Release|Any CPU.ActiveCfg = Release|Any CPU
		{9460E863-09DF-27A3-AD06-49685DEF530E}.Release|Any CPU.Build.0 = Release|Any CPU
	EndGlobalSection
	GlobalSection(SolutionProperties) = preSolution
		HideSolutionNode = FALSE
	EndGlobalSection
	GlobalSection(ExtensibilityGlobals) = postSolution
		SolutionGuid = {0A448930-2D9E-465D-A5CA-B1056F3A2991}
	EndGlobalSection
EndGlobal
